Microsoft Visual Studio Solution File, Format Version 12.00
# Visual Studio Version 17
VisualStudioVersion = 17.5.2.0
MinimumVisualStudioVersion = 10.0.40219.1
Project("{FAE04EC0-301F-11D3-BF4B-00C04F79EFBC}") = "Kolpakov05", "Kolpakov05.csproj", "{C46EC518-6782-57A8-C9E8-33152CB607A3}"
EndProject
Global
	GlobalSection(SolutionConfigurationPlatforms) = preSolution
		Debug|Any CPU = Debug|Any CPU
		Release|Any CPU = Release|Any CPU
	EndGlobalSection
	GlobalSection(ProjectConfigurationPlatforms) = postSolution
		{C46EC518-6782-57A8-C9E8-33152CB607A3}.Debug|Any CPU.ActiveCfg = Debug|Any CPU
		{C46EC518-6782-57A8-C9E8-33152CB607A3}.Debug|Any CPU.Build.0 = Debug|Any CPU
		{C46EC518-6782-57A8-C9E8-33152CB607A3}.Release|Any CPU.ActiveCfg = Release|Any CPU
		{C46EC518-6782-57A8-C9E8-33152CB607A3}.Release|Any CPU.Build.0 = Release|Any CPU
	EndGlobalSection
	GlobalSection(SolutionProperties) = preSolution
		HideSolutionNode = FALSE
	EndGlobalSection
	GlobalSection(ExtensibilityGlobals) = postSolution
		SolutionGuid = {CA8314D1-3FD6-46B1-9864-44334A1E9A68}
	EndGlobalSection
EndGlobal
